
Microsoft Visual Studio Solution File, Format Version 12.00
# Visual Studio 2013
VisualStudioVersion = 12.0.21005.1
MinimumVisualStudioVersion = 10.0.40219.1
Project("{8BC9CEB8-8B4A-11D0-8D11-00A0C91BC942}") = "UnityWebcam", "UnityWebcam\UnityWebcam.vcxproj", "{727D3AC5-27B5-4288-A475-7A471ECD71B7}"
EndProject
Project("{8BC9CEB8-8B4A-11D0-8D11-00A0C91BC942}") = "UnityCamService", "UnityCamService\UnityCamService.vcxproj", "{3D0A9889-9EC1-4012-9382-4FE1EB610D17}"
EndProject
Global
	GlobalSection(SolutionConfigurationPlatforms) = preSolution
		Debug|Win32 = Debug|Win32
		Debug|x64 = Debug|x64
		Release|Win32 = Release|Win32
		Release|x64 = Release|x64
	EndGlobalSection
	GlobalSection(ProjectConfigurationPlatforms) = postSolution
		{727D3AC5-27B5-4288-A475-7A471ECD71B7}.Debug|Win32.ActiveCfg = Debug|x64
		{727D3AC5-27B5-4288-A475-7A471ECD71B7}.Debug|x64.ActiveCfg = Debug|x64
		{727D3AC5-27B5-4288-A475-7A471ECD71B7}.Release|Win32.ActiveCfg = Release|Win32
		{727D3AC5-27B5-4288-A475-7A471ECD71B7}.Release|Win32.Build.0 = Release|Win32
		{727D3AC5-27B5-4288-A475-7A471ECD71B7}.Release|x64.ActiveCfg = Release|x64
		{3D0A9889-9EC1-4012-9382-4FE1EB610D17}.Debug|Win32.ActiveCfg = Debug|Win32
		{3D0A9889-9EC1-4012-9382-4FE1EB610D17}.Debug|Win32.Build.0 = Debug|Win32
		{3D0A9889-9EC1-4012-9382-4FE1EB610D17}.Debug|x64.ActiveCfg = Debug|x64
		{3D0A9889-9EC1-4012-9382-4FE1EB610D17}.Debug|x64.Build.0 = Debug|x64
		{3D0A9889-9EC1-4012-9382-4FE1EB610D17}.Release|Win32.ActiveCfg = Release|Win32
		{3D0A9889-9EC1-4012-9382-4FE1EB610D17}.Release|Win32.Build.0 = Release|Win32
		{3D0A9889-9EC1-4012-9382-4FE1EB610D17}.Release|x64.ActiveCfg = Release|x64
		{3D0A9889-9EC1-4012-9382-4FE1EB610D17}.Release|x64.Build.0 = Release|x64
	EndGlobalSection
	GlobalSection(SolutionProperties) = preSolution
		HideSolutionNode = FALSE
	EndGlobalSection
EndGlobal
